
Microsoft Visual Studio Solution File, Format Version 12.00
# Visual Studio Version 16
VisualStudioVersion = 16.0.30503.244
MinimumVisualStudioVersion = 10.0.40219.1
Project("{8BC9CEB8-8B4A-11D0-8D11-00A0C91BC942}") = "ConsoleApplication27", "ConsoleApplication27\ConsoleApplication27.vcxproj", "{46497573-E227-45C5-814D-6E0937DDA642}"
EndProject
Project("{8BC9CEB8-8B4A-11D0-8D11-00A0C91BC942}") = "ConsoleApplicaton1", "ConsoleApplication1\ConsoleApplication1.vcxproj", "{347A0785-869B-4A86-85BB-AE7FA6B9E4ED}"
EndProject
Project("{2150E333-8FDC-42A3-9474-1A3956D46DE8}") = "Solution Items", "Solution Items", "{18A453B2-F719-4C03-93DC-DCB2321C0F89}"
	ProjectSection(SolutionItems) = preProject
		частоты.txt = частоты.txt
	EndProjectSection
EndProject
Global
	GlobalSection(SolutionConfigurationPlatforms) = preSolution
		Debug|x64 = Debug|x64
		Debug|x86 = Debug|x86
		Release|x64 = Release|x64
		Release|x86 = Release|x86
	EndGlobalSection
	GlobalSection(ProjectConfigurationPlatforms) = postSolution
		{46497573-E227-45C5-814D-6E0937DDA642}.Debug|x64.ActiveCfg = Debug|x64
		{46497573-E227-45C5-814D-6E0937DDA642}.Debug|x64.Build.0 = Debug|x64
		{46497573-E227-45C5-814D-6E0937DDA642}.Debug|x86.ActiveCfg = Debug|Win32
		{46497573-E227-45C5-814D-6E0937DDA642}.Debug|x86.Build.0 = Debug|Win32
		{46497573-E227-45C5-814D-6E0937DDA642}.Release|x64.ActiveCfg = Release|x64
		{46497573-E227-45C5-814D-6E0937DDA642}.Release|x64.Build.0 = Release|x64
		{46497573-E227-45C5-814D-6E0937DDA642}.Release|x86.ActiveCfg = Release|Win32
		{46497573-E227-45C5-814D-6E0937DDA642}.Release|x86.Build.0 = Release|Win32
		{347A0785-869B-4A86-85BB-AE7FA6B9E4ED}.Debug|x64.ActiveCfg = Debug|x64
		{347A0785-869B-4A86-85BB-AE7FA6B9E4ED}.Debug|x64.Build.0 = Debug|x64
		{347A0785-869B-4A86-85BB-AE7FA6B9E4ED}.Debug|x86.ActiveCfg = Debug|Win32
		{347A0785-869B-4A86-85BB-AE7FA6B9E4ED}.Debug|x86.Build.0 = Debug|Win32
		{347A0785-869B-4A86-85BB-AE7FA6B9E4ED}.Release|x64.ActiveCfg = Release|x64
		{347A0785-869B-4A86-85BB-AE7FA6B9E4ED}.Release|x64.Build.0 = Release|x64
		{347A0785-869B-4A86-85BB-AE7FA6B9E4ED}.Release|x86.ActiveCfg = Release|Win32
		{347A0785-869B-4A86-85BB-AE7FA6B9E4ED}.Release|x86.Build.0 = Release|Win32
	EndGlobalSection
	GlobalSection(SolutionProperties) = preSolution
		HideSolutionNode = FALSE
	EndGlobalSection
	GlobalSection(ExtensibilityGlobals) = postSolution
		SolutionGuid = {BCD150F6-5E51-4E84-9AE6-A0B7C62F44BD}
	EndGlobalSection
EndGlobal
